
Microsoft Visual Studio Solution File, Format Version 12.00
# Visual Studio Version 17
VisualStudioVersion = 17.1.32210.238
MinimumVisualStudioVersion = 10.0.40219.1
Project("{9A19103F-16F7-4668-BE54-9A1E7A4F7556}") = "Antrikotik", "Antrikotik\Antrikotik.csproj", "{D59FE3ED-9581-4364-A732-C83FCAFE61C0}"
EndProject
Project("{9A19103F-16F7-4668-BE54-9A1E7A4F7556}") = "Business", "Business\Business.csproj", "{D9A62CE0-4101-4529-8706-445704C1DD52}"
EndProject
Project("{9A19103F-16F7-4668-BE54-9A1E7A4F7556}") = "DataAccess", "DataAccess\DataAccess.csproj", "{7387042B-499E-4E48-AD96-46E23A899D41}"
EndProject
Project("{FAE04EC0-301F-11D3-BF4B-00C04F79EFBC}") = "DTO", "DTO\DTO.csproj", "{CF306EEB-31AF-4C3B-A9CB-C90B255B79D0}"
EndProject
Project("{FAE04EC0-301F-11D3-BF4B-00C04F79EFBC}") = "Repo", "Repo\Repo.csproj", "{EC3BBEF9-E77E-4690-9BCB-EA2A4AE6A72C}"
EndProject
Global
	GlobalSection(SolutionConfigurationPlatforms) = preSolution
		Debug|Any CPU = Debug|Any CPU
		Release|Any CPU = Release|Any CPU
	EndGlobalSection
	GlobalSection(ProjectConfigurationPlatforms) = postSolution
		{D59FE3ED-9581-4364-A732-C83FCAFE61C0}.Debug|Any CPU.ActiveCfg = Debug|Any CPU
		{D59FE3ED-9581-4364-A732-C83FCAFE61C0}.Debug|Any CPU.Build.0 = Debug|Any CPU
		{D59FE3ED-9581-4364-A732-C83FCAFE61C0}.Release|Any CPU.ActiveCfg = Release|Any CPU
		{D59FE3ED-9581-4364-A732-C83FCAFE61C0}.Release|Any CPU.Build.0 = Release|Any CPU
		{D9A62CE0-4101-4529-8706-445704C1DD52}.Debug|Any CPU.ActiveCfg = Debug|Any CPU
		{D9A62CE0-4101-4529-8706-445704C1DD52}.Debug|Any CPU.Build.0 = Debug|Any CPU
		{D9A62CE0-4101-4529-8706-445704C1DD52}.Release|Any CPU.ActiveCfg = Release|Any CPU
		{D9A62CE0-4101-4529-8706-445704C1DD52}.Release|Any CPU.Build.0 = Release|Any CPU
		{7387042B-499E-4E48-AD96-46E23A899D41}.Debug|Any CPU.ActiveCfg = Debug|Any CPU
		{7387042B-499E-4E48-AD96-46E23A899D41}.Debug|Any CPU.Build.0 = Debug|Any CPU
		{7387042B-499E-4E48-AD96-46E23A899D41}.Release|Any CPU.ActiveCfg = Release|Any CPU
		{7387042B-499E-4E48-AD96-46E23A899D41}.Release|Any CPU.Build.0 = Release|Any CPU
		{CF306EEB-31AF-4C3B-A9CB-C90B255B79D0}.Debug|Any CPU.ActiveCfg = Debug|Any CPU
		{CF306EEB-31AF-4C3B-A9CB-C90B255B79D0}.Debug|Any CPU.Build.0 = Debug|Any CPU
		{CF306EEB-31AF-4C3B-A9CB-C90B255B79D0}.Release|Any CPU.ActiveCfg = Release|Any CPU
		{CF306EEB-31AF-4C3B-A9CB-C90B255B79D0}.Release|Any CPU.Build.0 = Release|Any CPU
		{EC3BBEF9-E77E-4690-9BCB-EA2A4AE6A72C}.Debug|Any CPU.ActiveCfg = Debug|Any CPU
		{EC3BBEF9-E77E-4690-9BCB-EA2A4AE6A72C}.Debug|Any CPU.Build.0 = Debug|Any CPU
		{EC3BBEF9-E77E-4690-9BCB-EA2A4AE6A72C}.Release|Any CPU.ActiveCfg = Release|Any CPU
		{EC3BBEF9-E77E-4690-9BCB-EA2A4AE6A72C}.Release|Any CPU.Build.0 = Release|Any CPU
	EndGlobalSection
	GlobalSection(SolutionProperties) = preSolution
		HideSolutionNode = FALSE
	EndGlobalSection
	GlobalSection(ExtensibilityGlobals) = postSolution
		SolutionGuid = {666B71C0-F50D-490D-AEB6-5DB1763D515F}
	EndGlobalSection
EndGlobal
